// !$*UTF8*$!
{
	archiveVersion = 1;
	classes = {
	};
	objectVersion = 48;
	objects = {

/* Begin PBXBuildFile section */
		9A42A3EA1F79374C0011B446 /* Utilities.swift in Sources */ = {isa = PBXBuildFile; fileRef = 9A42A3E91F79374C0011B446 /* Utilities.swift */; };
		9A727B5C1F7D46E3001F5C28 /* FocusSquare.swift in Sources */ = {isa = PBXBuildFile; fileRef = 9A727B5B1F7D46E3001F5C28 /* FocusSquare.swift */; };
		9AD5249C1F76CC3800787CC4 /* AppDelegate.swift in Sources */ = {isa = PBXBuildFile; fileRef = 9AD5249B1F76CC3800787CC4 /* AppDelegate.swift */; };
		9AD5249E1F76CC3800787CC4 /* art.scnassets in Resources */ = {isa = PBXBuildFile; fileRef = 9AD5249D1F76CC3800787CC4 /* art.scnassets */; };
		9AD524A01F76CC3800787CC4 /* ViewController.swift in Sources */ = {isa = PBXBuildFile; fileRef = 9AD5249F1F76CC3800787CC4 /* ViewController.swift */; };
		9AD524A31F76CC3800787CC4 /* Main.storyboard in Resources */ = {isa = PBXBuildFile; fileRef = 9AD524A11F76CC3800787CC4 /* Main.storyboard */; };
		9AD524A51F76CC3800787CC4 /* Assets.xcassets in Resources */ = {isa = PBXBuildFile; fileRef = 9AD524A41F76CC3800787CC4 /* Assets.xcassets */; };
		9AD524A81F76CC3800787CC4 /* LaunchScreen.storyboard in Resources */ = {isa = PBXBuildFile; fileRef = 9AD524A61F76CC3800787CC4 /* LaunchScreen.storyboard */; };
		9AD524B31F76CC3800787CC4 /* ARealityAppTests.swift in Sources */ = {isa = PBXBuildFile; fileRef = 9AD524B21F76CC3800787CC4 /* ARealityAppTests.swift */; };
		9AD524BE1F76CC3800787CC4 /* ARealityAppUITests.swift in Sources */ = {isa = PBXBuildFile; fileRef = 9AD524BD1F76CC3800787CC4 /* ARealityAppUITests.swift */; };
/* End PBXBuildFile section */

/* Begin PBXContainerItemProxy section */
		9AD524AF1F76CC3800787CC4 /* PBXContainerItemProxy */ = {
			isa = PBXContainerItemProxy;
			containerPortal = 9AD524901F76CC3800787CC4 /* Project object */;
			proxyType = 1;
			remoteGlobalIDString = 9AD524971F76CC3800787CC4;
			remoteInfo = ARealityApp;
		};
		9AD524BA1F76CC3800787CC4 /* PBXContainerItemProxy */ = {
			isa = PBXContainerItemProxy;
			containerPortal = 9AD524901F76CC3800787CC4 /* Project object */;
			proxyType = 1;
			remoteGlobalIDString = 9AD524971F76CC3800787CC4;
			remoteInfo = ARealityApp;
		};
/* End PBXContainerItemProxy section */

/* Begin PBXFileReference section */
		9A42A3E91F79374C0011B446 /* Utilities.swift */ = {isa = PBXFileReference; lastKnownFileType = sourcecode.swift; path = Utilities.swift; sourceTree = "<group>"; };
		9A727B5B1F7D46E3001F5C28 /* FocusSquare.swift */ = {isa = PBXFileReference; lastKnownFileType = sourcecode.swift; path = FocusSquare.swift; sourceTree = "<group>"; };
		9AD524981F76CC3800787CC4 /* ARealityApp.app */ = {isa = PBXFileReference; explicitFileType = wrapper.application; includeInIndex = 0; path = ARealityApp.app; sourceTree = BUILT_PRODUCTS_DIR; };
		9AD5249B1F76CC3800787CC4 /* AppDelegate.swift */ = {isa = PBXFileReference; lastKnownFileType = sourcecode.swift; path = AppDelegate.swift; sourceTree = "<group>"; };
		9AD5249D1F76CC3800787CC4 /* art.scnassets */ = {isa = PBXFileReference; lastKnownFileType = wrapper.scnassets; path = art.scnassets; sourceTree = "<group>"; };
		9AD5249F1F76CC3800787CC4 /* ViewController.swift */ = {isa = PBXFileReference; lastKnownFileType = sourcecode.swift; path = ViewController.swift; sourceTree = "<group>"; };
		9AD524A21F76CC3800787CC4 /* Base */ = {isa = PBXFileReference; lastKnownFileType = file.storyboard; name = Base; path = Base.lproj/Main.storyboard; sourceTree = "<group>"; };
		9AD524A41F76CC3800787CC4 /* Assets.xcassets */ = {isa = PBXFileReference; lastKnownFileType = folder.assetcatalog; path = Assets.xcassets; sourceTree = "<group>"; };
		9AD524A71F76CC3800787CC4 /* Base */ = {isa = PBXFileReference; lastKnownFileType = file.storyboard; name = Base; path = Base.lproj/LaunchScreen.storyboard; sourceTree = "<group>"; };
		9AD524A91F76CC3800787CC4 /* Info.plist */ = {isa = PBXFileReference; lastKnownFileType = text.plist.xml; path = Info.plist; sourceTree = "<group>"; };
		9AD524AE1F76CC3800787CC4 /* ARealityAppTests.xctest */ = {isa = PBXFileReference; explicitFileType = wrapper.cfbundle; includeInIndex = 0; path = ARealityAppTests.xctest; sourceTree = BUILT_PRODUCTS_DIR; };
		9AD524B21F76CC3800787CC4 /* ARealityAppTests.swift */ = {isa = PBXFileReference; lastKnownFileType = sourcecode.swift; path = ARealityAppTests.swift; sourceTree = "<group>"; };
		9AD524B41F76CC3800787CC4 /* Info.plist */ = {isa = PBXFileReference; lastKnownFileType = text.plist.xml; path = Info.plist; sourceTree = "<group>"; };
		9AD524B91F76CC3800787CC4 /* ARealityAppUITests.xctest */ = {isa = PBXFileReference; explicitFileType = wrapper.cfbundle; includeInIndex = 0; path = ARealityAppUITests.xctest; sourceTree = BUILT_PRODUCTS_DIR; };
		9AD524BD1F76CC3800787CC4 /* ARealityAppUITests.swift */ = {isa = PBXFileReference; lastKnownFileType = sourcecode.swift; path = ARealityAppUITests.swift; sourceTree = "<group>"; };
		9AD524BF1F76CC3800787CC4 /* Info.plist */ = {isa = PBXFileReference; lastKnownFileType = text.plist.xml; path = Info.plist; sourceTree = "<group>"; };
/* End PBXFileReference section */

/* Begin PBXFrameworksBuildPhase section */
		9AD524951F76CC3800787CC4 /* Frameworks */ = {
			isa = PBXFrameworksBuildPhase;
			buildActionMask = 2147483647;
			files = (
			);
			runOnlyForDeploymentPostprocessing = 0;
		};
		9AD524AB1F76CC3800787CC4 /* Frameworks */ = {
			isa = PBXFrameworksBuildPhase;
			buildActionMask = 2147483647;
			files = (
			);
			runOnlyForDeploymentPostprocessing = 0;
		};
		9AD524B61F76CC3800787CC4 /* Frameworks */ = {
			isa = PBXFrameworksBuildPhase;
			buildActionMask = 2147483647;
			files = (
			);
			runOnlyForDeploymentPostprocessing = 0;
		};
/* End PBXFrameworksBuildPhase section */

/* Begin PBXGroup section */
		9AD5248F1F76CC3800787CC4 = {
			isa = PBXGroup;
			children = (
				9AD5249A1F76CC3800787CC4 /* ARealityApp */,
				9AD524B11F76CC3800787CC4 /* ARealityAppTests */,
				9AD524BC1F76CC3800787CC4 /* ARealityAppUITests */,
				9AD524991F76CC3800787CC4 /* Products */,
			);
			sourceTree = "<group>";
		};
		9AD524991F76CC3800787CC4 /* Products */ = {
			isa = PBXGroup;
			children = (
				9AD524981F76CC3800787CC4 /* ARealityApp.app */,
				9AD524AE1F76CC3800787CC4 /* ARealityAppTests.xctest */,
				9AD524B91F76CC3800787CC4 /* ARealityAppUITests.xctest */,
			);
			name = Products;
			sourceTree = "<group>";
		};
		9AD5249A1F76CC3800787CC4 /* ARealityApp */ = {
			isa = PBXGroup;
			children = (
				9AD5249B1F76CC3800787CC4 /* AppDelegate.swift */,
				9AD5249D1F76CC3800787CC4 /* art.scnassets */,
				9AD5249F1F76CC3800787CC4 /* ViewController.swift */,
				9A42A3E91F79374C0011B446 /* Utilities.swift */,
				9AD524A11F76CC3800787CC4 /* Main.storyboard */,
				9A727B5B1F7D46E3001F5C28 /* FocusSquare.swift */,
				9AD524A41F76CC3800787CC4 /* Assets.xcassets */,
				9AD524A61F76CC3800787CC4 /* LaunchScreen.storyboard */,
				9AD524A91F76CC3800787CC4 /* Info.plist */,
			);
			path = ARealityApp;
			sourceTree = "<group>";
		};
		9AD524B11F76CC3800787CC4 /* ARealityAppTests */ = {
			isa = PBXGroup;
			children = (
				9AD524B21F76CC3800787CC4 /* ARealityAppTests.swift */,
				9AD524B41F76CC3800787CC4 /* Info.plist */,
			);
			path = ARealityAppTests;
			sourceTree = "<group>";
		};
		9AD524BC1F76CC3800787CC4 /* ARealityAppUITests */ = {
			isa = PBXGroup;
			children = (
				9AD524BD1F76CC3800787CC4 /* ARealityAppUITests.swift */,
				9AD524BF1F76CC3800787CC4 /* Info.plist */,
			);
			path = ARealityAppUITests;
			sourceTree = "<group>";
		};
/* End PBXGroup section */

/* Begin PBXNativeTarget section */
		9AD524971F76CC3800787CC4 /* ARealityApp */ = {
			isa = PBXNativeTarget;
			buildConfigurationList = 9AD524C21F76CC3800787CC4 /* Build configuration list for PBXNativeTarget "ARealityApp" */;
			buildPhases = (
				9AD524941F76CC3800787CC4 /* Sources */,
				9AD524951F76CC3800787CC4 /* Frameworks */,
				9AD524961F76CC3800787CC4 /* Resources */,
			);
			buildRules = (
			);
			dependencies = (
			);
			name = ARealityApp;
			productName = ARealityApp;
			productReference = 9AD524981F76CC3800787CC4 /* ARealityApp.app */;
			productType = "com.apple.product-type.application";
		};
		9AD524AD1F76CC3800787CC4 /* ARealityAppTests */ = {
			isa = PBXNativeTarget;
			buildConfigurationList = 9AD524C51F76CC3800787CC4 /* Build configuration list for PBXNativeTarget "ARealityAppTests" */;
			buildPhases = (
				9AD524AA1F76CC3800787CC4 /* Sources */,
				9AD524AB1F76CC3800787CC4 /* Frameworks */,
				9AD524AC1F76CC3800787CC4 /* Resources */,
			);
			buildRules = (
			);
			dependencies = (
				9AD524B01F76CC3800787CC4 /* PBXTargetDependency */,
			);
			name = ARealityAppTests;
			productName = ARealityAppTests;
			productReference = 9AD524AE1F76CC3800787CC4 /* ARealityAppTests.xctest */;
			productType = "com.apple.product-type.bundle.unit-test";
		};
		9AD524B81F76CC3800787CC4 /* ARealityAppUITests */ = {
			isa = PBXNativeTarget;
			buildConfigurationList = 9AD524C81F76CC3800787CC4 /* Build configuration list for PBXNativeTarget "ARealityAppUITests" */;
			buildPhases = (
				9AD524B51F76CC3800787CC4 /* Sources */,
				9AD524B61F76CC3800787CC4 /* Frameworks */,
				9AD524B71F76CC3800787CC4 /* Resources */,
			);
			buildRules = (
			);
			dependencies = (
				9AD524BB1F76CC3800787CC4 /* PBXTargetDependency */,
			);
			name = ARealityAppUITests;
			productName = ARealityAppUITests;
			productReference = 9AD524B91F76CC3800787CC4 /* ARealityAppUITests.xctest */;
			productType = "com.apple.product-type.bundle.ui-testing";
		};
/* End PBXNativeTarget section */

/* Begin PBXProject section */
		9AD524901F76CC3800787CC4 /* Project object */ = {
			isa = PBXProject;
			attributes = {
				LastSwiftUpdateCheck = 0900;
				LastUpgradeCheck = 0900;
				ORGANIZATIONNAME = sDynamics;
				TargetAttributes = {
					9AD524971F76CC3800787CC4 = {
						CreatedOnToolsVersion = 9.0;
						ProvisioningStyle = Automatic;
					};
					9AD524AD1F76CC3800787CC4 = {
						CreatedOnToolsVersion = 9.0;
						ProvisioningStyle = Automatic;
						TestTargetID = 9AD524971F76CC3800787CC4;
					};
					9AD524B81F76CC3800787CC4 = {
						CreatedOnToolsVersion = 9.0;
						ProvisioningStyle = Automatic;
						TestTargetID = 9AD524971F76CC3800787CC4;
					};
				};
			};
			buildConfigurationList = 9AD524931F76CC3800787CC4 /* Build configuration list for PBXProject "ARealityApp" */;
			compatibilityVersion = "Xcode 8.0";
			developmentRegion = en;
			hasScannedForEncodings = 0;
			knownRegions = (
				en,
				Base,
			);
			mainGroup = 9AD5248F1F76CC3800787CC4;
			productRefGroup = 9AD524991F76CC3800787CC4 /* Products */;
			projectDirPath = "";
			projectRoot = "";
			targets = (
				9AD524971F76CC3800787CC4 /* ARealityApp */,
				9AD524AD1F76CC3800787CC4 /* ARealityAppTests */,
				9AD524B81F76CC3800787CC4 /* ARealityAppUITests */,
			);
		};
/* End PBXProject section */

/* Begin PBXResourcesBuildPhase section */
		9AD524961F76CC3800787CC4 /* Resources */ = {
			isa = PBXResourcesBuildPhase;
			buildActionMask = 2147483647;
			files = (
				9AD5249E1F76CC3800787CC4 /* art.scnassets in Resources */,
				9AD524A81F76CC3800787CC4 /* LaunchScreen.storyboard in Resources */,
				9AD524A51F76CC3800787CC4 /* Assets.xcassets in Resources */,
				9AD524A31F76CC3800787CC4 /* Main.storyboard in Resources */,
			);
			runOnlyForDeploymentPostprocessing = 0;
		};
		9AD524AC1F76CC3800787CC4 /* Resources */ = {
			isa = PBXResourcesBuildPhase;
			buildActionMask = 2147483647;
			files = (
			);
			runOnlyForDeploymentPostprocessing = 0;
		};
		9AD524B71F76CC3800787CC4 /* Resources */ = {
			isa = PBXResourcesBuildPhase;
			buildActionMask = 2147483647;
			files = (
			);
			runOnlyForDeploymentPostprocessing = 0;
		};
/* End PBXResourcesBuildPhase section */

/* Begin PBXSourcesBuildPhase section */
		9AD524941F76CC3800787CC4 /* Sources */ = {
			isa = PBXSourcesBuildPhase;
			buildActionMask = 2147483647;
			files = (
				9A42A3EA1F79374C0011B446 /* Utilities.swift in Sources */,
				9A727B5C1F7D46E3001F5C28 /* FocusSquare.swift in Sources */,
				9AD524A01F76CC3800787CC4 /* ViewController.swift in Sources */,
				9AD5249C1F76CC3800787CC4 /* AppDelegate.swift in Sources */,
			);
			runOnlyForDeploymentPostprocessing = 0;
		};
		9AD524AA1F76CC3800787CC4 /* Sources */ = {
			isa = PBXSourcesBuildPhase;
			buildActionMask = 2147483647;
			files = (
				9AD524B31F76CC3800787CC4 /* ARealityAppTests.swift in Sources */,
			);
			runOnlyForDeploymentPostprocessing = 0;
		};
		9AD524B51F76CC3800787CC4 /* Sources */ = {
			isa = PBXSourcesBuildPhase;
			buildActionMask = 2147483647;
			files = (
				9AD524BE1F76CC3800787CC4 /* ARealityAppUITests.swift in Sources */,
			);
			runOnlyForDeploymentPostprocessing = 0;
		};
/* End PBXSourcesBuildPhase section */

/* Begin PBXTargetDependency section */
		9AD524B01F76CC3800787CC4 /* PBXTargetDependency */ = {
			isa = PBXTargetDependency;
			target = 9AD524971F76CC3800787CC4 /* ARealityApp */;
			targetProxy = 9AD524AF1F76CC3800787CC4 /* PBXContainerItemProxy */;
		};
		9AD524BB1F76CC3800787CC4 /* PBXTargetDependency */ = {
			isa = PBXTargetDependency;
			target = 9AD524971F76CC3800787CC4 /* ARealityApp */;
			targetProxy = 9AD524BA1F76CC3800787CC4 /* PBXContainerItemProxy */;
		};
/* End PBXTargetDependency section */

/* Begin PBXVariantGroup section */
		9AD524A11F76CC3800787CC4 /* Main.storyboard */ = {
			isa = PBXVariantGroup;
			children = (
				9AD524A21F76CC3800787CC4 /* Base */,
			);
			name = Main.storyboard;
			sourceTree = "<group>";
		};
		9AD524A61F76CC3800787CC4 /* LaunchScreen.storyboard */ = {
			isa = PBXVariantGroup;
			children = (
				9AD524A71F76CC3800787CC4 /* Base */,
			);
			name = LaunchScreen.storyboard;
			sourceTree = "<group>";
		};
/* End PBXVariantGroup section */

/* Begin XCBuildConfiguration section */
		9AD524C01F76CC3800787CC4 /* Debug */ = {
			isa = XCBuildConfiguration;
			buildSettings = {
				ALWAYS_SEARCH_USER_PATHS = NO;
				CLANG_ANALYZER_NONNULL = YES;
				CLANG_ANALYZER_NUMBER_OBJECT_CONVERSION = YES_AGGRESSIVE;
				CLANG_CXX_LANGUAGE_STANDARD = "gnu++14";
				CLANG_CXX_LIBRARY = "libc++";
				CLANG_ENABLE_MODULES = YES;
				CLANG_ENABLE_OBJC_ARC = YES;
				CLANG_WARN_BLOCK_CAPTURE_AUTORELEASING = YES;
				CLANG_WARN_BOOL_CONVERSION = YES;
				CLANG_WARN_COMMA = YES;
				CLANG_WARN_CONSTANT_CONVERSION = YES;
				CLANG_WARN_DIRECT_OBJC_ISA_USAGE = YES_ERROR;
				CLANG_WARN_DOCUMENTATION_COMMENTS = YES;
				CLANG_WARN_EMPTY_BODY = YES;
				CLANG_WARN_ENUM_CONVERSION = YES;
				CLANG_WARN_INFINITE_RECURSION = YES;
				CLANG_WARN_INT_CONVERSION = YES;
				CLANG_WARN_NON_LITERAL_NULL_CONVERSION = YES;
				CLANG_WARN_OBJC_LITERAL_CONVERSION = YES;
				CLANG_WARN_OBJC_ROOT_CLASS = YES_ERROR;
				CLANG_WARN_RANGE_LOOP_ANALYSIS = YES;
				CLANG_WARN_STRICT_PROTOTYPES = YES;
				CLANG_WARN_SUSPICIOUS_MOVE = YES;
				CLANG_WARN_UNGUARDED_AVAILABILITY = YES_AGGRESSIVE;
				CLANG_WARN_UNREACHABLE_CODE = YES;
				CLANG_WARN__DUPLICATE_METHOD_MATCH = YES;
				CODE_SIGN_IDENTITY = "iPhone Developer";
				COPY_PHASE_STRIP = NO;
				DEBUG_INFORMATION_FORMAT = dwarf;
				ENABLE_STRICT_OBJC_MSGSEND = YES;
				ENABLE_TESTABILITY = YES;
				GCC_C_LANGUAGE_STANDARD = gnu11;
				GCC_DYNAMIC_NO_PIC = NO;
				GCC_NO_COMMON_BLOCKS = YES;
				GCC_OPTIMIZATION_LEVEL = 0;
				GCC_PREPROCESSOR_DEFINITIONS = (
					"DEBUG=1",
					"$(inherited)",
				);
				GCC_WARN_64_TO_32_BIT_CONVERSION = YES;
				GCC_WARN_ABOUT_RETURN_TYPE = YES_ERROR;
				GCC_WARN_UNDECLARED_SELECTOR = YES;
				GCC_WARN_UNINITIALIZED_AUTOS = YES_AGGRESSIVE;
				GCC_WARN_UNUSED_FUNCTION = YES;
				GCC_WARN_UNUSED_VARIABLE = YES;
				IPHONEOS_DEPLOYMENT_TARGET = 11.0;
				MTL_ENABLE_DEBUG_INFO = YES;
				ONLY_ACTIVE_ARCH = YES;
				SDKROOT = iphoneos;
				SWIFT_ACTIVE_COMPILATION_CONDITIONS = DEBUG;
				SWIFT_OPTIMIZATION_LEVEL = "-Onone";
			};
			name = Debug;
		};
		9AD524C11F76CC3800787CC4 /* Release */ = {
			isa = XCBuildConfiguration;
			buildSettings = {
				ALWAYS_SEARCH_USER_PATHS = NO;
				CLANG_ANALYZER_NONNULL = YES;
				CLANG_ANALYZER_NUMBER_OBJECT_CONVERSION = YES_AGGRESSIVE;
				CLANG_CXX_LANGUAGE_STANDARD = "gnu++14";
				CLANG_CXX_LIBRARY = "libc++";
				CLANG_ENABLE_MODULES = YES;
				CLANG_ENABLE_OBJC_ARC = YES;
				CLANG_WARN_BLOCK_CAPTURE_AUTORELEASING = YES;
				CLANG_WARN_BOOL_CONVERSION = YES;
				CLANG_WARN_COMMA = YES;
				CLANG_WARN_CONSTANT_CONVERSION = YES;
				CLANG_WARN_DIRECT_OBJC_ISA_USAGE = YES_ERROR;
				CLANG_WARN_DOCUMENTATION_COMMENTS = YES;
				CLANG_WARN_EMPTY_BODY = YES;
				CLANG_WARN_ENUM_CONVERSION = YES;
				CLANG_WARN_INFINITE_RECURSION = YES;
				CLANG_WARN_INT_CONVERSION = YES;
				CLANG_WARN_NON_LITERAL_NULL_CONVERSION = YES;
				CLANG_WARN_OBJC_LITERAL_CONVERSION = YES;
				CLANG_WARN_OBJC_ROOT_CLASS = YES_ERROR;
				CLANG_WARN_RANGE_LOOP_ANALYSIS = YES;
				CLANG_WARN_STRICT_PROTOTYPES = YES;
				CLANG_WARN_SUSPICIOUS_MOVE = YES;
				CLANG_WARN_UNGUARDED_AVAILABILITY = YES_AGGRESSIVE;
				CLANG_WARN_UNREACHABLE_CODE = YES;
				CLANG_WARN__DUPLICATE_METHOD_MATCH = YES;
				CODE_SIGN_IDENTITY = "iPhone Developer";
				COPY_PHASE_STRIP = NO;
				DEBUG_INFORMATION_FORMAT = "dwarf-with-dsym";
				ENABLE_NS_ASSERTIONS = NO;
				ENABLE_STRICT_OBJC_MSGSEND = YES;
				GCC_C_LANGUAGE_STANDARD = gnu11;
				GCC_NO_COMMON_BLOCKS = YES;
				GCC_WARN_64_TO_32_BIT_CONVERSION = YES;
				GCC_WARN_ABOUT_RETURN_TYPE = YES_ERROR;
				GCC_WARN_UNDECLARED_SELECTOR = YES;
				GCC_WARN_UNINITIALIZED_AUTOS = YES_AGGRESSIVE;
				GCC_WARN_UNUSED_FUNCTION = YES;
				GCC_WARN_UNUSED_VARIABLE = YES;
				IPHONEOS_DEPLOYMENT_TARGET = 11.0;
				MTL_ENABLE_DEBUG_INFO = NO;
				SDKROOT = iphoneos;
				SWIFT_OPTIMIZATION_LEVEL = "-Owholemodule";
				VALIDATE_PRODUCT = YES;
			};
			name = Release;
		};
		9AD524C31F76CC3800787CC4 /* Debug */ = {
			isa = XCBuildConfiguration;
			buildSettings = {
				ASSETCATALOG_COMPILER_APPICON_NAME = AppIcon;
				CODE_SIGN_STYLE = Automatic;
				DEVELOPMENT_TEAM = VQ8362SH3H;
				INFOPLIST_FILE = ARealityApp/Info.plist;
				LD_RUNPATH_SEARCH_PATHS = "$(inherited) @executable_path/Frameworks";
				PRODUCT_BUNDLE_IDENTIFIER = app.ARealityApp;
				PRODUCT_NAME = "$(TARGET_NAME)";
				SWIFT_VERSION = 4.0;
				TARGETED_DEVICE_FAMILY = "1,2";
			};
			name = Debug;
		};
		9AD524C41F76CC3800787CC4 /* Release */ = {
			isa = XCBuildConfiguration;
			buildSettings = {
				ASSETCATALOG_COMPILER_APPICON_NAME = AppIcon;
				CODE_SIGN_STYLE = Automatic;
				DEVELOPMENT_TEAM = VQ8362SH3H;
				INFOPLIST_FILE = ARealityApp/Info.plist;
				LD_RUNPATH_SEARCH_PATHS = "$(inherited) @executable_path/Frameworks";
				PRODUCT_BUNDLE_IDENTIFIER = app.ARealityApp;
				PRODUCT_NAME = "$(TARGET_NAME)";
				SWIFT_VERSION = 4.0;
				TARGETED_DEVICE_FAMILY = "1,2";
			};
			name = Release;
		};
		9AD524C61F76CC3800787CC4 /* Debug */ = {
			isa = XCBuildConfiguration;
			buildSettings = {
				ALWAYS_EMBED_SWIFT_STANDARD_LIBRARIES = YES;
				BUNDLE_LOADER = "$(TEST_HOST)";
				CODE_SIGN_STYLE = Automatic;
				DEVELOPMENT_TEAM = VQ8362SH3H;
				INFOPLIST_FILE = ARealityAppTests/Info.plist;
				LD_RUNPATH_SEARCH_PATHS = "$(inherited) @executable_path/Frameworks @loader_path/Frameworks";
				PRODUCT_BUNDLE_IDENTIFIER = app.ARealityAppTests;
				PRODUCT_NAME = "$(TARGET_NAME)";
				SWIFT_VERSION = 4.0;
				TARGETED_DEVICE_FAMILY = "1,2";
				TEST_HOST = "$(BUILT_PRODUCTS_DIR)/ARealityApp.app/ARealityApp";
			};
			name = Debug;
		};
		9AD524C71F76CC3800787CC4 /* Release */ = {
			isa = XCBuildConfiguration;
			buildSettings = {
				ALWAYS_EMBED_SWIFT_STANDARD_LIBRARIES = YES;
				BUNDLE_LOADER = "$(TEST_HOST)";
				CODE_SIGN_STYLE = Automatic;
				DEVELOPMENT_TEAM = VQ8362SH3H;
				INFOPLIST_FILE = ARealityAppTests/Info.plist;
				LD_RUNPATH_SEARCH_PATHS = "$(inherited) @executable_path/Frameworks @loader_path/Frameworks";
				PRODUCT_BUNDLE_IDENTIFIER = app.ARealityAppTests;
				PRODUCT_NAME = "$(TARGET_NAME)";
				SWIFT_VERSION = 4.0;
				TARGETED_DEVICE_FAMILY = "1,2";
				TEST_HOST = "$(BUILT_PRODUCTS_DIR)/ARealityApp.app/ARealityApp";
			};
			name = Release;
		};
		9AD524C91F76CC3800787CC4 /* Debug */ = {
			isa = XCBuildConfiguration;
			buildSettings = {
				ALWAYS_EMBED_SWIFT_STANDARD_LIBRARIES = YES;
				CODE_SIGN_STYLE = Automatic;
				DEVELOPMENT_TEAM = VQ8362SH3H;
				INFOPLIST_FILE = ARealityAppUITests/Info.plist;
				LD_RUNPATH_SEARCH_PATHS = "$(inherited) @executable_path/Frameworks @loader_path/Frameworks";
				PRODUCT_BUNDLE_IDENTIFIER = app.ARealityAppUITests;
				PRODUCT_NAME = "$(TARGET_NAME)";
				SWIFT_VERSION = 4.0;
				TARGETED_DEVICE_FAMILY = "1,2";
				TEST_TARGET_NAME = ARealityApp;
			};
			name = Debug;
		};
		9AD524CA1F76CC3800787CC4 /* Release */ = {
			isa = XCBuildConfiguration;
			buildSettings = {
				ALWAYS_EMBED_SWIFT_STANDARD_LIBRARIES = YES;
				CODE_SIGN_STYLE = Automatic;
				DEVELOPMENT_TEAM = VQ8362SH3H;
				INFOPLIST_FILE = ARealityAppUITests/Info.plist;
				LD_RUNPATH_SEARCH_PATHS = "$(inherited) @executable_path/Frameworks @loader_path/Frameworks";
				PRODUCT_BUNDLE_IDENTIFIER = app.ARealityAppUITests;
				PRODUCT_NAME = "$(TARGET_NAME)";
				SWIFT_VERSION = 4.0;
				TARGETED_DEVICE_FAMILY = "1,2";
				TEST_TARGET_NAME = ARealityApp;
			};
			name = Release;
		};
/* End XCBuildConfiguration section */

/* Begin XCConfigurationList section */
		9AD524931F76CC3800787CC4 /* Build configuration list for PBXProject "ARealityApp" */ = {
			isa = XCConfigurationList;
			buildConfigurations = (
				9AD524C01F76CC3800787CC4 /* Debug */,
				9AD524C11F76CC3800787CC4 /* Release */,
			);
			defaultConfigurationIsVisible = 0;
			defaultConfigurationName = Release;
		};
		9AD524C21F76CC3800787CC4 /* Build configuration list for PBXNativeTarget "ARealityApp" */ = {
			isa = XCConfigurationList;
			buildConfigurations = (
				9AD524C31F76CC3800787CC4 /* Debug */,
				9AD524C41F76CC3800787CC4 /* Release */,
			);
			defaultConfigurationIsVisible = 0;
			defaultConfigurationName = Release;
		};
		9AD524C51F76CC3800787CC4 /* Build configuration list for PBXNativeTarget "ARealityAppTests" */ = {
			isa = XCConfigurationList;
			buildConfigurations = (
				9AD524C61F76CC3800787CC4 /* Debug */,
				9AD524C71F76CC3800787CC4 /* Release */,
			);
			defaultConfigurationIsVisible = 0;
			defaultConfigurationName = Release;
		};
		9AD524C81F76CC3800787CC4 /* Build configuration list for PBXNativeTarget "ARealityAppUITests" */ = {
			isa = XCConfigurationList;
			buildConfigurations = (
				9AD524C91F76CC3800787CC4 /* Debug */,
				9AD524CA1F76CC3800787CC4 /* Release */,
			);
			defaultConfigurationIsVisible = 0;
			defaultConfigurationName = Release;
		};
/* End XCConfigurationList section */
	};
	rootObject = 9AD524901F76CC3800787CC4 /* Project object */;
}
